
Microsoft Visual Studio Solution File, Format Version 12.00
# Visual Studio 2013
VisualStudioVersion = 12.0.30723.0
MinimumVisualStudioVersion = 10.0.40219.1
Project("{FAE04EC0-301F-11D3-BF4B-00C04F79EFBC}") = "Science Bowl Buzzer Windows", "Science Bowl Buzzer Windows\Science Bowl Buzzer Windows.csproj", "{47F503A2-28F4-4C56-B1A1-A8229218B68E}"
EndProject
Global
	GlobalSection(SolutionConfigurationPlatforms) = preSolution
		Debug|Any CPU = Debug|Any CPU
		Release|Any CPU = Release|Any CPU
	EndGlobalSection
	GlobalSection(ProjectConfigurationPlatforms) = postSolution
		{47F503A2-28F4-4C56-B1A1-A8229218B68E}.Debug|Any CPU.ActiveCfg = Debug|Any CPU
		{47F503A2-28F4-4C56-B1A1-A8229218B68E}.Debug|Any CPU.Build.0 = Debug|Any CPU
		{47F503A2-28F4-4C56-B1A1-A8229218B68E}.Release|Any CPU.ActiveCfg = Release|Any CPU
		{47F503A2-28F4-4C56-B1A1-A8229218B68E}.Release|Any CPU.Build.0 = Release|Any CPU
	EndGlobalSection
	GlobalSection(SolutionProperties) = preSolution
		HideSolutionNode = FALSE
	EndGlobalSection
EndGlobal
